
Microsoft Visual Studio Solution File, Format Version 12.00
# Visual Studio Version 16
VisualStudioVersion = 16.0.30225.117
MinimumVisualStudioVersion = 10.0.40219.1
Project("{FAE04EC0-301F-11D3-BF4B-00C04F79EFBC}") = "Lab3_5RegEx", "Lab3_5RegEx.csproj", "{1795A525-11D0-42CF-8ABC-D156BE337643}"
EndProject
Global
	GlobalSection(SolutionConfigurationPlatforms) = preSolution
		Debug|Any CPU = Debug|Any CPU
		Release|Any CPU = Release|Any CPU
	EndGlobalSection
	GlobalSection(ProjectConfigurationPlatforms) = postSolution
		{1795A525-11D0-42CF-8ABC-D156BE337643}.Debug|Any CPU.ActiveCfg = Debug|Any CPU
		{1795A525-11D0-42CF-8ABC-D156BE337643}.Debug|Any CPU.Build.0 = Debug|Any CPU
		{1795A525-11D0-42CF-8ABC-D156BE337643}.Release|Any CPU.ActiveCfg = Release|Any CPU
		{1795A525-11D0-42CF-8ABC-D156BE337643}.Release|Any CPU.Build.0 = Release|Any CPU
	EndGlobalSection
	GlobalSection(SolutionProperties) = preSolution
		HideSolutionNode = FALSE
	EndGlobalSection
	GlobalSection(ExtensibilityGlobals) = postSolution
		SolutionGuid = {F75DA4EB-943B-497E-939E-573A84564FED}
	EndGlobalSection
EndGlobal
